
Microsoft Visual Studio Solution File, Format Version 12.00
# Visual Studio Version 16
VisualStudioVersion = 16.0.30711.63
MinimumVisualStudioVersion = 10.0.40219.1
Project("{FAE04EC0-301F-11D3-BF4B-00C04F79EFBC}") = "Klasskamrater", "Klasskamrater\Klasskamrater.csproj", "{368DE85C-1BAA-408C-B646-A66A54569263}"
EndProject
Global
	GlobalSection(SolutionConfigurationPlatforms) = preSolution
		Debug|Any CPU = Debug|Any CPU
		Release|Any CPU = Release|Any CPU
	EndGlobalSection
	GlobalSection(ProjectConfigurationPlatforms) = postSolution
		{368DE85C-1BAA-408C-B646-A66A54569263}.Debug|Any CPU.ActiveCfg = Debug|Any CPU
		{368DE85C-1BAA-408C-B646-A66A54569263}.Debug|Any CPU.Build.0 = Debug|Any CPU
		{368DE85C-1BAA-408C-B646-A66A54569263}.Release|Any CPU.ActiveCfg = Release|Any CPU
		{368DE85C-1BAA-408C-B646-A66A54569263}.Release|Any CPU.Build.0 = Release|Any CPU
	EndGlobalSection
	GlobalSection(SolutionProperties) = preSolution
		HideSolutionNode = FALSE
	EndGlobalSection
	GlobalSection(ExtensibilityGlobals) = postSolution
		SolutionGuid = {4AD8A106-6CA8-4CD5-951C-5F740B074B9E}
	EndGlobalSection
EndGlobal
